PODS:
  - Alamofire (4.9.1)
  - Differentiator (4.0.1)
  - Dip (7.0.1)
  - OverlayContainer (3.3.0)
  - RxCocoa (5.0.1):
    - RxRelay (~> 5)
    - RxSwift (~> 5)
  - RxCoreLocation (1.4.1):
    - RxCoreLocation/Core (= 1.4.1)
  - RxCoreLocation/Core (1.4.1):
    - RxCocoa (~> 5.0)
    - RxSwift (~> 5.0)
  - RxDataSources (4.0.1):
    - Differentiator (~> 4.0)
    - RxCocoa (~> 5.0)
    - RxSwift (~> 5.0)
  - RxRelay (5.0.1):
    - RxSwift (~> 5)
  - RxSwift (5.0.1)
  - SDWebImage (5.5.2):
    - SDWebImage/Core (= 5.5.2)
  - SDWebImage/Core (5.5.2)

DEPENDENCIES:
  - Alamofire
  - Dip
  - OverlayContainer
  - RxCoreLocation
  - RxDataSources
  - RxSwift
  - SDWebImage

SPEC REPOS:
  trunk:
    - Alamofire
    - Differentiator
    - Dip
    - OverlayContainer
    - RxCocoa
    - RxCoreLocation
    - RxDataSources
    - RxRelay
    - RxSwift
    - SDWebImage

SPEC CHECKSUMS:
  Alamofire: 85e8a02c69d6020a0d734f6054870d7ecb75cf18
  Differentiator: 886080237d9f87f322641dedbc5be257061b0602
  Dip: 79509d5dc4f648e10e922ed79c608a7761c52b13
  OverlayContainer: d48ca33fbefe91dc2943622c4a5a8ea2b8d16ead
  RxCocoa: e741b9749968e8a143e2b787f1dfbff2b63d0a5c
  RxCoreLocation: 85e9a3310c22619404dcbf91258d29c44429eea8
  RxDataSources: efee07fa4de48477eca0a4611e6d11e2da9c1114
  RxRelay: 89d54507f4fd4d969e6ec1d4bd7f3673640b4640
  RxSwift: e2dc62b366a3adf6a0be44ba9f405efd4c94e0c4
  SDWebImage: 4d5c027c935438f341ed33dbac53ff9f479922ca

PODFILE CHECKSUM: 53f19294c68e045772ae9c425504b11baa7e17de

COCOAPODS: 1.8.4
